
Microsoft Visual Studio Solution File, Format Version 12.00
# Visual Studio Version 18
VisualStudioVersion = 18.0.11222.15 d18.0
MinimumVisualStudioVersion = 10.0.40219.1
Project("{FAE04EC0-301F-11D3-BF4B-00C04F79EFBC}") = "SharpCoreDB", "SharpCoreDB.csproj", "{9F7802C9-8693-D4AE-9228-3A2CAD7858C1}"
EndProject
Project("{FAE04EC0-301F-11D3-BF4B-00C04F79EFBC}") = "SharpCoreDB.Demo", "..\SharpCoreDB.Demo\SharpCoreDB.Demo.csproj", "{02103A25-9E31-9272-8F75-FCAD105954F4}"
EndProject
Global
	GlobalSection(SolutionConfigurationPlatforms) = preSolution
		Debug|Any CPU = Debug|Any CPU
		Release|Any CPU = Release|Any CPU
	EndGlobalSection
	GlobalSection(ProjectConfigurationPlatforms) = postSolution
		{9F7802C9-8693-D4AE-9228-3A2CAD7858C1}.Debug|Any CPU.ActiveCfg = Debug|Any CPU
		{9F7802C9-8693-D4AE-9228-3A2CAD7858C1}.Debug|Any CPU.Build.0 = Debug|Any CPU
		{9F7802C9-8693-D4AE-9228-3A2CAD7858C1}.Release|Any CPU.ActiveCfg = Release|Any CPU
		{9F7802C9-8693-D4AE-9228-3A2CAD7858C1}.Release|Any CPU.Build.0 = Release|Any CPU
		{02103A25-9E31-9272-8F75-FCAD105954F4}.Debug|Any CPU.ActiveCfg = Debug|Any CPU
		{02103A25-9E31-9272-8F75-FCAD105954F4}.Debug|Any CPU.Build.0 = Debug|Any CPU
		{02103A25-9E31-9272-8F75-FCAD105954F4}.Release|Any CPU.ActiveCfg = Release|Any CPU
		{02103A25-9E31-9272-8F75-FCAD105954F4}.Release|Any CPU.Build.0 = Release|Any CPU
	EndGlobalSection
	GlobalSection(SolutionProperties) = preSolution
		HideSolutionNode = FALSE
	EndGlobalSection
	GlobalSection(ExtensibilityGlobals) = postSolution
		SolutionGuid = {92B65467-D5EC-441E-9E44-F952629A44CC}
	EndGlobalSection
EndGlobal
