
Microsoft Visual Studio Solution File, Format Version 12.00
# Visual Studio Version 18
VisualStudioVersion = 18.0.11222.15
MinimumVisualStudioVersion = 10.0.40219.1
Project("{FAE04EC0-301F-11D3-BF4B-00C04F79EFBC}") = "SharpCoreDB", "SharpCoreDB.csproj", "{9F7802C9-8693-D4AE-9228-3A2CAD7858C1}"
EndProject
Project("{FAE04EC0-301F-11D3-BF4B-00C04F79EFBC}") = "SharpCoreDB.Demo", "..\SharpCoreDB.Demo\SharpCoreDB.Demo.csproj", "{02103A25-9E31-9272-8F75-FCAD105954F4}"
EndProject
Project("{FAE04EC0-301F-11D3-BF4B-00C04F79EFBC}") = "SharpCoreDB.Tests", "..\SharpCoreDB.Tests\SharpCoreDB.Tests.csproj", "{A7C7538D-79BC-48F6-81BC-108B5855F34C}"
EndProject
Project("{FAE04EC0-301F-11D3-BF4B-00C04F79EFBC}") = "SharpCoreDB.Extensions", "..\SharpCoreDB.Extensions\SharpCoreDB.Extensions.csproj", "{504A40CD-318D-4288-947B-D647B8A54C33}"
EndProject
Project("{FAE04EC0-301F-11D3-BF4B-00C04F79EFBC}") = "SharpCoreDB.Benchmarks", "..\SharpCoreDB.Benchmarks\SharpCoreDB.Benchmarks.csproj", "{39ABEC2D-893C-44F7-867D-A2628B100C9E}"
EndProject
Project("{FAE04EC0-301F-11D3-BF4B-00C04F79EFBC}") = "SharpCoreDB.EntityFrameworkCore", "..\SharpCoreDB.EntityFrameworkCore\SharpCoreDB.EntityFrameworkCore.csproj", "{25C8E305-9720-412E-9936-9D7DAE42BA8F}"
EndProject
Project("{FAE04EC0-301F-11D3-BF4B-00C04F79EFBC}") = "SharpCoreDB.Profiling", "..\SharpCoreDB.Profiling\SharpCoreDB.Profiling.csproj", "{7FE9968F-F5DF-83D9-9DB1-89DF7CA233B8}"
EndProject
Project("{FAE04EC0-301F-11D3-BF4B-00C04F79EFBC}") = "SharpCoreDB.Serilog.Sinks", "..\SharpCoreDB.Serilog.Sinks\SharpCoreDB.Serilog.Sinks.csproj", "{441D7CAB-9254-4FF8-8A5B-E2A95771904B}"
EndProject
Global
	GlobalSection(SolutionConfigurationPlatforms) = preSolution
		Debug|Any CPU = Debug|Any CPU
		Debug|x64 = Debug|x64
		Debug|x86 = Debug|x86
		Release|Any CPU = Release|Any CPU
		Release|x64 = Release|x64
		Release|x86 = Release|x86
	EndGlobalSection
	GlobalSection(ProjectConfigurationPlatforms) = postSolution
		{9F7802C9-8693-D4AE-9228-3A2CAD7858C1}.Debug|Any CPU.ActiveCfg = Debug|Any CPU
		{9F7802C9-8693-D4AE-9228-3A2CAD7858C1}.Debug|Any CPU.Build.0 = Debug|Any CPU
		{9F7802C9-8693-D4AE-9228-3A2CAD7858C1}.Debug|x64.ActiveCfg = Debug|Any CPU
		{9F7802C9-8693-D4AE-9228-3A2CAD7858C1}.Debug|x64.Build.0 = Debug|Any CPU
		{9F7802C9-8693-D4AE-9228-3A2CAD7858C1}.Debug|x86.ActiveCfg = Debug|Any CPU
		{9F7802C9-8693-D4AE-9228-3A2CAD7858C1}.Debug|x86.Build.0 = Debug|Any CPU
		{9F7802C9-8693-D4AE-9228-3A2CAD7858C1}.Release|Any CPU.ActiveCfg = Release|Any CPU
		{9F7802C9-8693-D4AE-9228-3A2CAD7858C1}.Release|Any CPU.Build.0 = Release|Any CPU
		{9F7802C9-8693-D4AE-9228-3A2CAD7858C1}.Release|x64.ActiveCfg = Release|Any CPU
		{9F7802C9-8693-D4AE-9228-3A2CAD7858C1}.Release|x64.Build.0 = Release|Any CPU
		{9F7802C9-8693-D4AE-9228-3A2CAD7858C1}.Release|x86.ActiveCfg = Release|Any CPU
		{9F7802C9-8693-D4AE-9228-3A2CAD7858C1}.Release|x86.Build.0 = Release|Any CPU
		{02103A25-9E31-9272-8F75-FCAD105954F4}.Debug|Any CPU.ActiveCfg = Debug|Any CPU
		{02103A25-9E31-9272-8F75-FCAD105954F4}.Debug|Any CPU.Build.0 = Debug|Any CPU
		{02103A25-9E31-9272-8F75-FCAD105954F4}.Debug|x64.ActiveCfg = Debug|Any CPU
		{02103A25-9E31-9272-8F75-FCAD105954F4}.Debug|x64.Build.0 = Debug|Any CPU
		{02103A25-9E31-9272-8F75-FCAD105954F4}.Debug|x86.ActiveCfg = Debug|Any CPU
		{02103A25-9E31-9272-8F75-FCAD105954F4}.Debug|x86.Build.0 = Debug|Any CPU
		{02103A25-9E31-9272-8F75-FCAD105954F4}.Release|Any CPU.ActiveCfg = Release|Any CPU
		{02103A25-9E31-9272-8F75-FCAD105954F4}.Release|Any CPU.Build.0 = Release|Any CPU
		{02103A25-9E31-9272-8F75-FCAD105954F4}.Release|x64.ActiveCfg = Release|Any CPU
		{02103A25-9E31-9272-8F75-FCAD105954F4}.Release|x64.Build.0 = Release|Any CPU
		{02103A25-9E31-9272-8F75-FCAD105954F4}.Release|x86.ActiveCfg = Release|Any CPU
		{02103A25-9E31-9272-8F75-FCAD105954F4}.Release|x86.Build.0 = Release|Any CPU
		{A7C7538D-79BC-48F6-81BC-108B5855F34C}.Debug|Any CPU.ActiveCfg = Debug|Any CPU
		{A7C7538D-79BC-48F6-81BC-108B5855F34C}.Debug|Any CPU.Build.0 = Debug|Any CPU
		{A7C7538D-79BC-48F6-81BC-108B5855F34C}.Debug|x64.ActiveCfg = Debug|Any CPU
		{A7C7538D-79BC-48F6-81BC-108B5855F34C}.Debug|x64.Build.0 = Debug|Any CPU
		{A7C7538D-79BC-48F6-81BC-108B5855F34C}.Debug|x86.ActiveCfg = Debug|Any CPU
		{A7C7538D-79BC-48F6-81BC-108B5855F34C}.Debug|x86.Build.0 = Debug|Any CPU
		{A7C7538D-79BC-48F6-81BC-108B5855F34C}.Release|Any CPU.ActiveCfg = Release|Any CPU
		{A7C7538D-79BC-48F6-81BC-108B5855F34C}.Release|Any CPU.Build.0 = Release|Any CPU
		{A7C7538D-79BC-48F6-81BC-108B5855F34C}.Release|x64.ActiveCfg = Release|Any CPU
		{A7C7538D-79BC-48F6-81BC-108B5855F34C}.Release|x64.Build.0 = Release|Any CPU
		{A7C7538D-79BC-48F6-81BC-108B5855F34C}.Release|x86.ActiveCfg = Release|Any CPU
		{A7C7538D-79BC-48F6-81BC-108B5855F34C}.Release|x86.Build.0 = Release|Any CPU
		{504A40CD-318D-4288-947B-D647B8A54C33}.Debug|Any CPU.ActiveCfg = Debug|Any CPU
		{504A40CD-318D-4288-947B-D647B8A54C33}.Debug|Any CPU.Build.0 = Debug|Any CPU
		{504A40CD-318D-4288-947B-D647B8A54C33}.Debug|x64.ActiveCfg = Debug|Any CPU
		{504A40CD-318D-4288-947B-D647B8A54C33}.Debug|x64.Build.0 = Debug|Any CPU
		{504A40CD-318D-4288-947B-D647B8A54C33}.Debug|x86.ActiveCfg = Debug|Any CPU
		{504A40CD-318D-4288-947B-D647B8A54C33}.Debug|x86.Build.0 = Debug|Any CPU
		{504A40CD-318D-4288-947B-D647B8A54C33}.Release|Any CPU.ActiveCfg = Release|Any CPU
		{504A40CD-318D-4288-947B-D647B8A54C33}.Release|Any CPU.Build.0 = Release|Any CPU
		{504A40CD-318D-4288-947B-D647B8A54C33}.Release|x64.ActiveCfg = Release|Any CPU
		{504A40CD-318D-4288-947B-D647B8A54C33}.Release|x64.Build.0 = Release|Any CPU
		{504A40CD-318D-4288-947B-D647B8A54C33}.Release|x86.ActiveCfg = Release|Any CPU
		{504A40CD-318D-4288-947B-D647B8A54C33}.Release|x86.Build.0 = Release|Any CPU
		{39ABEC2D-893C-44F7-867D-A2628B100C9E}.Debug|Any CPU.ActiveCfg = Debug|Any CPU
		{39ABEC2D-893C-44F7-867D-A2628B100C9E}.Debug|Any CPU.Build.0 = Debug|Any CPU
		{39ABEC2D-893C-44F7-867D-A2628B100C9E}.Debug|x64.ActiveCfg = Debug|Any CPU
		{39ABEC2D-893C-44F7-867D-A2628B100C9E}.Debug|x64.Build.0 = Debug|Any CPU
		{39ABEC2D-893C-44F7-867D-A2628B100C9E}.Debug|x86.ActiveCfg = Debug|Any CPU
		{39ABEC2D-893C-44F7-867D-A2628B100C9E}.Debug|x86.Build.0 = Debug|Any CPU
		{39ABEC2D-893C-44F7-867D-A2628B100C9E}.Release|Any CPU.ActiveCfg = Release|Any CPU
		{39ABEC2D-893C-44F7-867D-A2628B100C9E}.Release|Any CPU.Build.0 = Release|Any CPU
		{39ABEC2D-893C-44F7-867D-A2628B100C9E}.Release|x64.ActiveCfg = Release|Any CPU
		{39ABEC2D-893C-44F7-867D-A2628B100C9E}.Release|x64.Build.0 = Release|Any CPU
		{39ABEC2D-893C-44F7-867D-A2628B100C9E}.Release|x86.ActiveCfg = Release|Any CPU
		{39ABEC2D-893C-44F7-867D-A2628B100C9E}.Release|x86.Build.0 = Release|Any CPU
		{25C8E305-9720-412E-9936-9D7DAE42BA8F}.Debug|Any CPU.ActiveCfg = Debug|Any CPU
		{25C8E305-9720-412E-9936-9D7DAE42BA8F}.Debug|Any CPU.Build.0 = Debug|Any CPU
		{25C8E305-9720-412E-9936-9D7DAE42BA8F}.Debug|x64.ActiveCfg = Debug|Any CPU
		{25C8E305-9720-412E-9936-9D7DAE42BA8F}.Debug|x64.Build.0 = Debug|Any CPU
		{25C8E305-9720-412E-9936-9D7DAE42BA8F}.Debug|x86.ActiveCfg = Debug|Any CPU
		{25C8E305-9720-412E-9936-9D7DAE42BA8F}.Debug|x86.Build.0 = Debug|Any CPU
		{25C8E305-9720-412E-9936-9D7DAE42BA8F}.Release|Any CPU.ActiveCfg = Release|Any CPU
		{25C8E305-9720-412E-9936-9D7DAE42BA8F}.Release|Any CPU.Build.0 = Release|Any CPU
		{25C8E305-9720-412E-9936-9D7DAE42BA8F}.Release|x64.ActiveCfg = Release|Any CPU
		{25C8E305-9720-412E-9936-9D7DAE42BA8F}.Release|x64.Build.0 = Release|Any CPU
		{25C8E305-9720-412E-9936-9D7DAE42BA8F}.Release|x86.ActiveCfg = Release|Any CPU
		{25C8E305-9720-412E-9936-9D7DAE42BA8F}.Release|x86.Build.0 = Release|Any CPU
		{7FE9968F-F5DF-83D9-9DB1-89DF7CA233B8}.Debug|Any CPU.ActiveCfg = Debug|Any CPU
		{7FE9968F-F5DF-83D9-9DB1-89DF7CA233B8}.Debug|Any CPU.Build.0 = Debug|Any CPU
		{7FE9968F-F5DF-83D9-9DB1-89DF7CA233B8}.Debug|x64.ActiveCfg = Debug|Any CPU
		{7FE9968F-F5DF-83D9-9DB1-89DF7CA233B8}.Debug|x64.Build.0 = Debug|Any CPU
		{7FE9968F-F5DF-83D9-9DB1-89DF7CA233B8}.Debug|x86.ActiveCfg = Debug|Any CPU
		{7FE9968F-F5DF-83D9-9DB1-89DF7CA233B8}.Debug|x86.Build.0 = Debug|Any CPU
		{7FE9968F-F5DF-83D9-9DB1-89DF7CA233B8}.Release|Any CPU.ActiveCfg = Release|Any CPU
		{7FE9968F-F5DF-83D9-9DB1-89DF7CA233B8}.Release|Any CPU.Build.0 = Release|Any CPU
		{7FE9968F-F5DF-83D9-9DB1-89DF7CA233B8}.Release|x64.ActiveCfg = Release|Any CPU
		{7FE9968F-F5DF-83D9-9DB1-89DF7CA233B8}.Release|x64.Build.0 = Release|Any CPU
		{7FE9968F-F5DF-83D9-9DB1-89DF7CA233B8}.Release|x86.ActiveCfg = Release|Any CPU
		{7FE9968F-F5DF-83D9-9DB1-89DF7CA233B8}.Release|x86.Build.0 = Release|Any CPU
		{441D7CAB-9254-4FF8-8A5B-E2A95771904B}.Debug|Any CPU.ActiveCfg = Debug|Any CPU
		{441D7CAB-9254-4FF8-8A5B-E2A95771904B}.Debug|Any CPU.Build.0 = Debug|Any CPU
		{441D7CAB-9254-4FF8-8A5B-E2A95771904B}.Debug|x64.ActiveCfg = Debug|Any CPU
		{441D7CAB-9254-4FF8-8A5B-E2A95771904B}.Debug|x64.Build.0 = Debug|Any CPU
		{441D7CAB-9254-4FF8-8A5B-E2A95771904B}.Debug|x86.ActiveCfg = Debug|Any CPU
		{441D7CAB-9254-4FF8-8A5B-E2A95771904B}.Debug|x86.Build.0 = Debug|Any CPU
		{441D7CAB-9254-4FF8-8A5B-E2A95771904B}.Release|Any CPU.ActiveCfg = Release|Any CPU
		{441D7CAB-9254-4FF8-8A5B-E2A95771904B}.Release|Any CPU.Build.0 = Release|Any CPU
		{441D7CAB-9254-4FF8-8A5B-E2A95771904B}.Release|x64.ActiveCfg = Release|Any CPU
		{441D7CAB-9254-4FF8-8A5B-E2A95771904B}.Release|x64.Build.0 = Release|Any CPU
		{441D7CAB-9254-4FF8-8A5B-E2A95771904B}.Release|x86.ActiveCfg = Release|Any CPU
		{441D7CAB-9254-4FF8-8A5B-E2A95771904B}.Release|x86.Build.0 = Release|Any CPU
	EndGlobalSection
	GlobalSection(SolutionProperties) = preSolution
		HideSolutionNode = FALSE
	EndGlobalSection
	GlobalSection(ExtensibilityGlobals) = postSolution
		SolutionGuid = {92B65467-D5EC-441E-9E44-F952629A44CC}
	EndGlobalSection
EndGlobal
